
Microsoft Visual Studio Solution File, Format Version 12.00
# Visual Studio Version 16
VisualStudioVersion = 16.0.30204.135
MinimumVisualStudioVersion = 10.0.40219.1
Project("{FAE04EC0-301F-11D3-BF4B-00C04F79EFBC}") = "Calculator", "Calculator\Calculator.csproj", "{D21F5216-0AE2-404B-B158-3857F571C68A}"
EndProject
Global
	GlobalSection(SolutionConfigurationPlatforms) = preSolution
		Debug|Any CPU = Debug|Any CPU
		Release|Any CPU = Release|Any CPU
	EndGlobalSection
	GlobalSection(ProjectConfigurationPlatforms) = postSolution
		{D21F5216-0AE2-404B-B158-3857F571C68A}.Debug|Any CPU.ActiveCfg = Debug|Any CPU
		{D21F5216-0AE2-404B-B158-3857F571C68A}.Debug|Any CPU.Build.0 = Debug|Any CPU
		{D21F5216-0AE2-404B-B158-3857F571C68A}.Release|Any CPU.ActiveCfg = Release|Any CPU
		{D21F5216-0AE2-404B-B158-3857F571C68A}.Release|Any CPU.Build.0 = Release|Any CPU
	EndGlobalSection
	GlobalSection(SolutionProperties) = preSolution
		HideSolutionNode = FALSE
	EndGlobalSection
	GlobalSection(ExtensibilityGlobals) = postSolution
		SolutionGuid = {B888888D-99E7-485B-9BE9-845758D38619}
	EndGlobalSection
EndGlobal
